
Microsoft Visual Studio Solution File, Format Version 12.00
# Visual Studio 15
VisualStudioVersion = 15.0.26730.16
MinimumVisualStudioVersion = 10.0.40219.1
Project("{FAE04EC0-301F-11D3-BF4B-00C04F79EFBC}") = "whshScheduleLookup_2016", "whshScheduleLookup_2016\whshScheduleLookup_2016.csproj", "{094FCB8C-80EC-4FC3-97B0-D961FC3F57B3}"
EndProject
Project("{FAE04EC0-301F-11D3-BF4B-00C04F79EFBC}") = "whshScheduleLookup_2018", "whshScheduleLookup_2018\whshScheduleLookup_2018.csproj", "{8EFA2BB3-92C0-4819-A368-015AB51C62BB}"
EndProject
Project("{FAE04EC0-301F-11D3-BF4B-00C04F79EFBC}") = "whshScheduleLookup_2017", "whshScheduleLookup_2017\whshScheduleLookup_2017.csproj", "{14DF62D1-A72D-4E1A-8F91-2257D6102E28}"
EndProject
Global
	GlobalSection(SolutionConfigurationPlatforms) = preSolution
		Debug|Any CPU = Debug|Any CPU
		Release|Any CPU = Release|Any CPU
	EndGlobalSection
	GlobalSection(ProjectConfigurationPlatforms) = postSolution
		{094FCB8C-80EC-4FC3-97B0-D961FC3F57B3}.Debug|Any CPU.ActiveCfg = Debug|Any CPU
		{094FCB8C-80EC-4FC3-97B0-D961FC3F57B3}.Debug|Any CPU.Build.0 = Debug|Any CPU
		{094FCB8C-80EC-4FC3-97B0-D961FC3F57B3}.Release|Any CPU.ActiveCfg = Release|Any CPU
		{094FCB8C-80EC-4FC3-97B0-D961FC3F57B3}.Release|Any CPU.Build.0 = Release|Any CPU
		{8EFA2BB3-92C0-4819-A368-015AB51C62BB}.Debug|Any CPU.ActiveCfg = Debug|Any CPU
		{8EFA2BB3-92C0-4819-A368-015AB51C62BB}.Debug|Any CPU.Build.0 = Debug|Any CPU
		{8EFA2BB3-92C0-4819-A368-015AB51C62BB}.Release|Any CPU.ActiveCfg = Release|Any CPU
		{8EFA2BB3-92C0-4819-A368-015AB51C62BB}.Release|Any CPU.Build.0 = Release|Any CPU
		{14DF62D1-A72D-4E1A-8F91-2257D6102E28}.Debug|Any CPU.ActiveCfg = Debug|Any CPU
		{14DF62D1-A72D-4E1A-8F91-2257D6102E28}.Debug|Any CPU.Build.0 = Debug|Any CPU
		{14DF62D1-A72D-4E1A-8F91-2257D6102E28}.Release|Any CPU.ActiveCfg = Release|Any CPU
		{14DF62D1-A72D-4E1A-8F91-2257D6102E28}.Release|Any CPU.Build.0 = Release|Any CPU
	EndGlobalSection
	GlobalSection(SolutionProperties) = preSolution
		HideSolutionNode = FALSE
	EndGlobalSection
	GlobalSection(ExtensibilityGlobals) = postSolution
		SolutionGuid = {AC095611-84EB-46D9-81CE-C8D7636C1150}
	EndGlobalSection
EndGlobal
